
Microsoft Visual Studio Solution File, Format Version 12.00
# Visual Studio Version 17
VisualStudioVersion = 17.2.32519.379
MinimumVisualStudioVersion = 10.0.40219.1
Project("{FAE04EC0-301F-11D3-BF4B-00C04F79EFBC}") = "BiblDlyaDemo", "BiblDlyaDemo\BiblDlyaDemo.csproj", "{9CA8F3A9-763A-46A8-99C7-6071D1ABCB1C}"
EndProject
Project("{FAE04EC0-301F-11D3-BF4B-00C04F79EFBC}") = "SF2022User{NN}Lib", "SF2022User{NN}Lib\SF2022User{NN}Lib.csproj", "{7739255D-6F01-4E48-B4B4-F9C46D1B4A6A}"
EndProject
Global
	GlobalSection(SolutionConfigurationPlatforms) = preSolution
		Debug|Any CPU = Debug|Any CPU
		Release|Any CPU = Release|Any CPU
	EndGlobalSection
	GlobalSection(ProjectConfigurationPlatforms) = postSolution
		{9CA8F3A9-763A-46A8-99C7-6071D1ABCB1C}.Debug|Any CPU.ActiveCfg = Debug|Any CPU
		{9CA8F3A9-763A-46A8-99C7-6071D1ABCB1C}.Debug|Any CPU.Build.0 = Debug|Any CPU
		{9CA8F3A9-763A-46A8-99C7-6071D1ABCB1C}.Release|Any CPU.ActiveCfg = Release|Any CPU
		{9CA8F3A9-763A-46A8-99C7-6071D1ABCB1C}.Release|Any CPU.Build.0 = Release|Any CPU
		{7739255D-6F01-4E48-B4B4-F9C46D1B4A6A}.Debug|Any CPU.ActiveCfg = Debug|Any CPU
		{7739255D-6F01-4E48-B4B4-F9C46D1B4A6A}.Debug|Any CPU.Build.0 = Debug|Any CPU
		{7739255D-6F01-4E48-B4B4-F9C46D1B4A6A}.Release|Any CPU.ActiveCfg = Release|Any CPU
		{7739255D-6F01-4E48-B4B4-F9C46D1B4A6A}.Release|Any CPU.Build.0 = Release|Any CPU
	EndGlobalSection
	GlobalSection(SolutionProperties) = preSolution
		HideSolutionNode = FALSE
	EndGlobalSection
	GlobalSection(ExtensibilityGlobals) = postSolution
		SolutionGuid = {10404860-E7A8-47F5-A1E6-66591A383C7E}
	EndGlobalSection
EndGlobal
